
Microsoft Visual Studio Solution File, Format Version 12.00
# Visual Studio Version 17
VisualStudioVersion = 17.0.31612.314
MinimumVisualStudioVersion = 10.0.40219.1
Project("{8BC9CEB8-8B4A-11D0-8D11-00A0C91BC942}") = "ex1-C", "ex1-C\ex1-C.vcxproj", "{E71B5FBF-9C19-4557-A575-32530B9F1A10}"
EndProject
Global
	GlobalSection(SolutionConfigurationPlatforms) = preSolution
		Debug|x64 = Debug|x64
		Debug|x86 = Debug|x86
		Release|x64 = Release|x64
		Release|x86 = Release|x86
	EndGlobalSection
	GlobalSection(ProjectConfigurationPlatforms) = postSolution
		{E71B5FBF-9C19-4557-A575-32530B9F1A10}.Debug|x64.ActiveCfg = Debug|x64
		{E71B5FBF-9C19-4557-A575-32530B9F1A10}.Debug|x64.Build.0 = Debug|x64
		{E71B5FBF-9C19-4557-A575-32530B9F1A10}.Debug|x86.ActiveCfg = Debug|Win32
		{E71B5FBF-9C19-4557-A575-32530B9F1A10}.Debug|x86.Build.0 = Debug|Win32
		{E71B5FBF-9C19-4557-A575-32530B9F1A10}.Release|x64.ActiveCfg = Release|x64
		{E71B5FBF-9C19-4557-A575-32530B9F1A10}.Release|x64.Build.0 = Release|x64
		{E71B5FBF-9C19-4557-A575-32530B9F1A10}.Release|x86.ActiveCfg = Release|Win32
		{E71B5FBF-9C19-4557-A575-32530B9F1A10}.Release|x86.Build.0 = Release|Win32
	EndGlobalSection
	GlobalSection(SolutionProperties) = preSolution
		HideSolutionNode = FALSE
	EndGlobalSection
	GlobalSection(ExtensibilityGlobals) = postSolution
		SolutionGuid = {2FF8728C-80BB-4604-9A68-D9D5795379F9}
	EndGlobalSection
EndGlobal
